// !$*UTF8*$!
{
	archiveVersion = 1;
	classes = {
	};
	objectVersion = 56;
	objects = {

/* Begin PBXBuildFile section */
		64378E4A292DFEF600F89418 /* AppDelegate.swift in Sources */ = {isa = PBXBuildFile; fileRef = 64378E49292DFEF600F89418 /* AppDelegate.swift */; };
		64378E4C292DFEF700F89418 /* Assets.xcassets in Resources */ = {isa = PBXBuildFile; fileRef = 64378E4B292DFEF700F89418 /* Assets.xcassets */; };
		64378E4F292DFEF700F89418 /* MainMenu.xib in Resources */ = {isa = PBXBuildFile; fileRef = 64378E4D292DFEF700F89418 /* MainMenu.xib */; };
		64378F59292F0C8900F89418 /* Localizable.strings in Resources */ = {isa = PBXBuildFile; fileRef = 64378F5B292F0C8900F89418 /* Localizable.strings */; };
		64378F60292F0E2200F89418 /* InfoPlist.strings in Resources */ = {isa = PBXBuildFile; fileRef = 64378F62292F0E2200F89418 /* InfoPlist.strings */; };
		64378F82292F11B400F89418 /* MainWindow.swift in Sources */ = {isa = PBXBuildFile; fileRef = 64378F81292F11B400F89418 /* MainWindow.swift */; };
		64378F84292F18C500F89418 /* MainView.swift in Sources */ = {isa = PBXBuildFile; fileRef = 64378F83292F18C500F89418 /* MainView.swift */; };
/* End PBXBuildFile section */

/* Begin PBXFileReference section */
		64378E46292DFEF600F89418 /* InstrumentBox.app */ = {isa = PBXFileReference; explicitFileType = wrapper.application; includeInIndex = 0; path = InstrumentBox.app; sourceTree = BUILT_PRODUCTS_DIR; };
		64378E49292DFEF600F89418 /* AppDelegate.swift */ = {isa = PBXFileReference; lastKnownFileType = sourcecode.swift; path = AppDelegate.swift; sourceTree = "<group>"; };
		64378E4B292DFEF700F89418 /* Assets.xcassets */ = {isa = PBXFileReference; lastKnownFileType = folder.assetcatalog; path = Assets.xcassets; sourceTree = "<group>"; };
		64378E4E292DFEF700F89418 /* Base */ = {isa = PBXFileReference; lastKnownFileType = file.xib; name = Base; path = Base.lproj/MainMenu.xib; sourceTree = "<group>"; };
		64378E50292DFEF700F89418 /* InstrumentBox.entitlements */ = {isa = PBXFileReference; lastKnownFileType = text.plist.entitlements; path = InstrumentBox.entitlements; sourceTree = "<group>"; };
		64378E56292DFFEB00F89418 /* Info.plist */ = {isa = PBXFileReference; lastKnownFileType = text.plist; path = Info.plist; sourceTree = "<group>"; };
		64378F5A292F0C8900F89418 /* en */ = {isa = PBXFileReference; lastKnownFileType = text.plist.strings; name = en; path = en.lproj/Localizable.strings; sourceTree = "<group>"; };
		64378F5C292F0C9F00F89418 /* zh-Hans */ = {isa = PBXFileReference; lastKnownFileType = text.plist.strings; name = "zh-Hans"; path = "zh-Hans.lproj/Localizable.strings"; sourceTree = "<group>"; };
		64378F5D292F0CA600F89418 /* ar */ = {isa = PBXFileReference; lastKnownFileType = text.plist.strings; name = ar; path = ar.lproj/Localizable.strings; sourceTree = "<group>"; };
		64378F61292F0E2200F89418 /* en */ = {isa = PBXFileReference; lastKnownFileType = text.plist.strings; name = en; path = en.lproj/InfoPlist.strings; sourceTree = "<group>"; };
		64378F63292F0E2700F89418 /* ar */ = {isa = PBXFileReference; lastKnownFileType = text.plist.strings; name = ar; path = ar.lproj/InfoPlist.strings; sourceTree = "<group>"; };
		64378F64292F0E2800F89418 /* zh-Hans */ = {isa = PBXFileReference; lastKnownFileType = text.plist.strings; name = "zh-Hans"; path = "zh-Hans.lproj/InfoPlist.strings"; sourceTree = "<group>"; };
		64378F81292F11B400F89418 /* MainWindow.swift */ = {isa = PBXFileReference; lastKnownFileType = sourcecode.swift; path = MainWindow.swift; sourceTree = "<group>"; };
		64378F83292F18C500F89418 /* MainView.swift */ = {isa = PBXFileReference; lastKnownFileType = sourcecode.swift; path = MainView.swift; sourceTree = "<group>"; };
/* End PBXFileReference section */

/* Begin PBXFrameworksBuildPhase section */
		64378E43292DFEF600F89418 /* Frameworks */ = {
			isa = PBXFrameworksBuildPhase;
			buildActionMask = 2147483647;
			files = (
			);
			runOnlyForDeploymentPostprocessing = 0;
		};
/* End PBXFrameworksBuildPhase section */

/* Begin PBXGroup section */
		64378E3D292DFEF600F89418 = {
			isa = PBXGroup;
			children = (
				64378E48292DFEF600F89418 /* InstrumentBox */,
				64378E47292DFEF600F89418 /* Products */,
			);
			sourceTree = "<group>";
		};
		64378E47292DFEF600F89418 /* Products */ = {
			isa = PBXGroup;
			children = (
				64378E46292DFEF600F89418 /* InstrumentBox.app */,
			);
			name = Products;
			sourceTree = "<group>";
		};
		64378E48292DFEF600F89418 /* InstrumentBox */ = {
			isa = PBXGroup;
			children = (
				64378F80292F113800F89418 /* SupportFiles */,
				64378E49292DFEF600F89418 /* AppDelegate.swift */,
				64378F81292F11B400F89418 /* MainWindow.swift */,
				64378F83292F18C500F89418 /* MainView.swift */,
				64378E4B292DFEF700F89418 /* Assets.xcassets */,
				64378E4D292DFEF700F89418 /* MainMenu.xib */,
			);
			path = InstrumentBox;
			sourceTree = "<group>";
		};
		64378F80292F113800F89418 /* SupportFiles */ = {
			isa = PBXGroup;
			children = (
				64378E50292DFEF700F89418 /* InstrumentBox.entitlements */,
				64378E56292DFFEB00F89418 /* Info.plist */,
				64378F62292F0E2200F89418 /* InfoPlist.strings */,
				64378F5B292F0C8900F89418 /* Localizable.strings */,
			);
			name = SupportFiles;
			sourceTree = "<group>";
		};
/* End PBXGroup section */

/* Begin PBXNativeTarget section */
		64378E45292DFEF600F89418 /* InstrumentBox */ = {
			isa = PBXNativeTarget;
			buildConfigurationList = 64378E53292DFEF700F89418 /* Build configuration list for PBXNativeTarget "InstrumentBox" */;
			buildPhases = (
				64378E42292DFEF600F89418 /* Sources */,
				64378E43292DFEF600F89418 /* Frameworks */,
				64378E44292DFEF600F89418 /* Resources */,
			);
			buildRules = (
			);
			dependencies = (
			);
			name = InstrumentBox;
			productName = InstrumentBox;
			productReference = 64378E46292DFEF600F89418 /* InstrumentBox.app */;
			productType = "com.apple.product-type.application";
		};
/* End PBXNativeTarget section */

/* Begin PBXProject section */
		64378E3E292DFEF600F89418 /* Project object */ = {
			isa = PBXProject;
			attributes = {
				BuildIndependentTargetsInParallel = 1;
				LastSwiftUpdateCheck = 1410;
				LastUpgradeCheck = 1410;
				TargetAttributes = {
					64378E45292DFEF600F89418 = {
						CreatedOnToolsVersion = 14.1;
					};
				};
			};
			buildConfigurationList = 64378E41292DFEF600F89418 /* Build configuration list for PBXProject "InstrumentBox" */;
			compatibilityVersion = "Xcode 14.0";
			developmentRegion = en;
			hasScannedForEncodings = 0;
			knownRegions = (
				en,
				Base,
				"zh-Hans",
				ar,
			);
			mainGroup = 64378E3D292DFEF600F89418;
			productRefGroup = 64378E47292DFEF600F89418 /* Products */;
			projectDirPath = "";
			projectRoot = "";
			targets = (
				64378E45292DFEF600F89418 /* InstrumentBox */,
			);
		};
/* End PBXProject section */

/* Begin PBXResourcesBuildPhase section */
		64378E44292DFEF600F89418 /* Resources */ = {
			isa = PBXResourcesBuildPhase;
			buildActionMask = 2147483647;
			files = (
				64378E4C292DFEF700F89418 /* Assets.xcassets in Resources */,
				64378F60292F0E2200F89418 /* InfoPlist.strings in Resources */,
				64378F59292F0C8900F89418 /* Localizable.strings in Resources */,
				64378E4F292DFEF700F89418 /* MainMenu.xib in Resources */,
			);
			runOnlyForDeploymentPostprocessing = 0;
		};
/* End PBXResourcesBuildPhase section */

/* Begin PBXSourcesBuildPhase section */
		64378E42292DFEF600F89418 /* Sources */ = {
			isa = PBXSourcesBuildPhase;
			buildActionMask = 2147483647;
			files = (
				64378F82292F11B400F89418 /* MainWindow.swift in Sources */,
				64378F84292F18C500F89418 /* MainView.swift in Sources */,
				64378E4A292DFEF600F89418 /* AppDelegate.swift in Sources */,
			);
			runOnlyForDeploymentPostprocessing = 0;
		};
/* End PBXSourcesBuildPhase section */

/* Begin PBXVariantGroup section */
		64378E4D292DFEF700F89418 /* MainMenu.xib */ = {
			isa = PBXVariantGroup;
			children = (
				64378E4E292DFEF700F89418 /* Base */,
			);
			name = MainMenu.xib;
			sourceTree = "<group>";
		};
		64378F5B292F0C8900F89418 /* Localizable.strings */ = {
			isa = PBXVariantGroup;
			children = (
				64378F5A292F0C8900F89418 /* en */,
				64378F5C292F0C9F00F89418 /* zh-Hans */,
				64378F5D292F0CA600F89418 /* ar */,
			);
			name = Localizable.strings;
			sourceTree = "<group>";
		};
		64378F62292F0E2200F89418 /* InfoPlist.strings */ = {
			isa = PBXVariantGroup;
			children = (
				64378F61292F0E2200F89418 /* en */,
				64378F63292F0E2700F89418 /* ar */,
				64378F64292F0E2800F89418 /* zh-Hans */,
			);
			name = InfoPlist.strings;
			sourceTree = "<group>";
		};
/* End PBXVariantGroup section */

/* Begin XCBuildConfiguration section */
		64378E51292DFEF700F89418 /* Debug */ = {
			isa = XCBuildConfiguration;
			buildSettings = {
				ALWAYS_SEARCH_USER_PATHS = NO;
				CLANG_ANALYZER_LOCALIZABILITY_NONLOCALIZED = YES;
				CLANG_ANALYZER_NONNULL = YES;
				CLANG_ANALYZER_NUMBER_OBJECT_CONVERSION = YES_AGGRESSIVE;
				CLANG_CXX_LANGUAGE_STANDARD = "gnu++20";
				CLANG_ENABLE_MODULES = YES;
				CLANG_ENABLE_OBJC_ARC = YES;
				CLANG_ENABLE_OBJC_WEAK = YES;
				CLANG_WARN_BLOCK_CAPTURE_AUTORELEASING = YES;
				CLANG_WARN_BOOL_CONVERSION = YES;
				CLANG_WARN_COMMA = YES;
				CLANG_WARN_CONSTANT_CONVERSION = YES;
				CLANG_WARN_DEPRECATED_OBJC_IMPLEMENTATIONS = YES;
				CLANG_WARN_DIRECT_OBJC_ISA_USAGE = YES_ERROR;
				CLANG_WARN_DOCUMENTATION_COMMENTS = YES;
				CLANG_WARN_EMPTY_BODY = YES;
				CLANG_WARN_ENUM_CONVERSION = YES;
				CLANG_WARN_INFINITE_RECURSION = YES;
				CLANG_WARN_INT_CONVERSION = YES;
				CLANG_WARN_NON_LITERAL_NULL_CONVERSION = YES;
				CLANG_WARN_OBJC_IMPLICIT_RETAIN_SELF = YES;
				CLANG_WARN_OBJC_LITERAL_CONVERSION = YES;
				CLANG_WARN_OBJC_ROOT_CLASS = YES_ERROR;
				CLANG_WARN_QUOTED_INCLUDE_IN_FRAMEWORK_HEADER = YES;
				CLANG_WARN_RANGE_LOOP_ANALYSIS = YES;
				CLANG_WARN_STRICT_PROTOTYPES = YES;
				CLANG_WARN_SUSPICIOUS_MOVE = YES;
				CLANG_WARN_UNGUARDED_AVAILABILITY = YES_AGGRESSIVE;
				CLANG_WARN_UNREACHABLE_CODE = YES;
				CLANG_WARN__DUPLICATE_METHOD_MATCH = YES;
				COPY_PHASE_STRIP = NO;
				DEBUG_INFORMATION_FORMAT = dwarf;
				ENABLE_STRICT_OBJC_MSGSEND = YES;
				ENABLE_TESTABILITY = YES;
				GCC_C_LANGUAGE_STANDARD = gnu11;
				GCC_DYNAMIC_NO_PIC = NO;
				GCC_NO_COMMON_BLOCKS = YES;
				GCC_OPTIMIZATION_LEVEL = 0;
				GCC_PREPROCESSOR_DEFINITIONS = (
					"DEBUG=1",
					"$(inherited)",
				);
				GCC_WARN_64_TO_32_BIT_CONVERSION = YES;
				GCC_WARN_ABOUT_RETURN_TYPE = YES_ERROR;
				GCC_WARN_UNDECLARED_SELECTOR = YES;
				GCC_WARN_UNINITIALIZED_AUTOS = YES_AGGRESSIVE;
				GCC_WARN_UNUSED_FUNCTION = YES;
				GCC_WARN_UNUSED_VARIABLE = YES;
				MACOSX_DEPLOYMENT_TARGET = 13.0;
				MTL_ENABLE_DEBUG_INFO = INCLUDE_SOURCE;
				MTL_FAST_MATH = YES;
				ONLY_ACTIVE_ARCH = YES;
				SDKROOT = macosx;
				SWIFT_ACTIVE_COMPILATION_CONDITIONS = DEBUG;
				SWIFT_OPTIMIZATION_LEVEL = "-Onone";
			};
			name = Debug;
		};
		64378E52292DFEF700F89418 /* Release */ = {
			isa = XCBuildConfiguration;
			buildSettings = {
				ALWAYS_SEARCH_USER_PATHS = NO;
				CLANG_ANALYZER_LOCALIZABILITY_NONLOCALIZED = YES;
				CLANG_ANALYZER_NONNULL = YES;
				CLANG_ANALYZER_NUMBER_OBJECT_CONVERSION = YES_AGGRESSIVE;
				CLANG_CXX_LANGUAGE_STANDARD = "gnu++20";
				CLANG_ENABLE_MODULES = YES;
				CLANG_ENABLE_OBJC_ARC = YES;
				CLANG_ENABLE_OBJC_WEAK = YES;
				CLANG_WARN_BLOCK_CAPTURE_AUTORELEASING = YES;
				CLANG_WARN_BOOL_CONVERSION = YES;
				CLANG_WARN_COMMA = YES;
				CLANG_WARN_CONSTANT_CONVERSION = YES;
				CLANG_WARN_DEPRECATED_OBJC_IMPLEMENTATIONS = YES;
				CLANG_WARN_DIRECT_OBJC_ISA_USAGE = YES_ERROR;
				CLANG_WARN_DOCUMENTATION_COMMENTS = YES;
				CLANG_WARN_EMPTY_BODY = YES;
				CLANG_WARN_ENUM_CONVERSION = YES;
				CLANG_WARN_INFINITE_RECURSION = YES;
				CLANG_WARN_INT_CONVERSION = YES;
				CLANG_WARN_NON_LITERAL_NULL_CONVERSION = YES;
				CLANG_WARN_OBJC_IMPLICIT_RETAIN_SELF = YES;
				CLANG_WARN_OBJC_LITERAL_CONVERSION = YES;
				CLANG_WARN_OBJC_ROOT_CLASS = YES_ERROR;
				CLANG_WARN_QUOTED_INCLUDE_IN_FRAMEWORK_HEADER = YES;
				CLANG_WARN_RANGE_LOOP_ANALYSIS = YES;
				CLANG_WARN_STRICT_PROTOTYPES = YES;
				CLANG_WARN_SUSPICIOUS_MOVE = YES;
				CLANG_WARN_UNGUARDED_AVAILABILITY = YES_AGGRESSIVE;
				CLANG_WARN_UNREACHABLE_CODE = YES;
				CLANG_WARN__DUPLICATE_METHOD_MATCH = YES;
				COPY_PHASE_STRIP = NO;
				DEBUG_INFORMATION_FORMAT = "dwarf-with-dsym";
				ENABLE_NS_ASSERTIONS = NO;
				ENABLE_STRICT_OBJC_MSGSEND = YES;
				GCC_C_LANGUAGE_STANDARD = gnu11;
				GCC_NO_COMMON_BLOCKS = YES;
				GCC_WARN_64_TO_32_BIT_CONVERSION = YES;
				GCC_WARN_ABOUT_RETURN_TYPE = YES_ERROR;
				GCC_WARN_UNDECLARED_SELECTOR = YES;
				GCC_WARN_UNINITIALIZED_AUTOS = YES_AGGRESSIVE;
				GCC_WARN_UNUSED_FUNCTION = YES;
				GCC_WARN_UNUSED_VARIABLE = YES;
				MACOSX_DEPLOYMENT_TARGET = 13.0;
				MTL_ENABLE_DEBUG_INFO = NO;
				MTL_FAST_MATH = YES;
				SDKROOT = macosx;
				SWIFT_COMPILATION_MODE = wholemodule;
				SWIFT_OPTIMIZATION_LEVEL = "-O";
			};
			name = Release;
		};
		64378E54292DFEF700F89418 /* Debug */ = {
			isa = XCBuildConfiguration;
			buildSettings = {
				ASSETCATALOG_COMPILER_APPICON_NAME = AppIcon;
				ASSETCATALOG_COMPILER_GLOBAL_ACCENT_COLOR_NAME = AccentColor;
				ASSETCATALOG_COMPILER_INCLUDE_ALL_APPICON_ASSETS = NO;
				CODE_SIGN_ENTITLEMENTS = InstrumentBox/InstrumentBox.entitlements;
				CODE_SIGN_STYLE = Automatic;
				COMBINE_HIDPI_IMAGES = YES;
				CURRENT_PROJECT_VERSION = 1;
				GENERATE_INFOPLIST_FILE = YES;
				INFOPLIST_FILE = InstrumentBox/Info.plist;
				INFOPLIST_KEY_CFBundleDisplayName = "$(PRODUCT_NAME)";
				INFOPLIST_KEY_NSHumanReadableCopyright = "";
				INFOPLIST_KEY_NSMainNibFile = MainMenu;
				INFOPLIST_KEY_NSPrincipalClass = NSApplication;
				LD_RUNPATH_SEARCH_PATHS = (
					"$(inherited)",
					"@executable_path/../Frameworks",
				);
				MACOSX_DEPLOYMENT_TARGET = 11.0;
				MARKETING_VERSION = 1.0;
				PRODUCT_BUNDLE_IDENTIFIER = com.pixocial.InstrumentBox;
				PRODUCT_NAME = InstrumentBox;
				SWIFT_EMIT_LOC_STRINGS = YES;
				SWIFT_VERSION = 5.0;
			};
			name = Debug;
		};
		64378E55292DFEF700F89418 /* Release */ = {
			isa = XCBuildConfiguration;
			buildSettings = {
				ASSETCATALOG_COMPILER_APPICON_NAME = AppIcon;
				ASSETCATALOG_COMPILER_GLOBAL_ACCENT_COLOR_NAME = AccentColor;
				ASSETCATALOG_COMPILER_INCLUDE_ALL_APPICON_ASSETS = NO;
				CODE_SIGN_ENTITLEMENTS = InstrumentBox/InstrumentBox.entitlements;
				CODE_SIGN_STYLE = Automatic;
				COMBINE_HIDPI_IMAGES = YES;
				CURRENT_PROJECT_VERSION = 1;
				GENERATE_INFOPLIST_FILE = YES;
				INFOPLIST_FILE = InstrumentBox/Info.plist;
				INFOPLIST_KEY_CFBundleDisplayName = "$(PRODUCT_NAME)";
				INFOPLIST_KEY_NSHumanReadableCopyright = "";
				INFOPLIST_KEY_NSMainNibFile = MainMenu;
				INFOPLIST_KEY_NSPrincipalClass = NSApplication;
				LD_RUNPATH_SEARCH_PATHS = (
					"$(inherited)",
					"@executable_path/../Frameworks",
				);
				MACOSX_DEPLOYMENT_TARGET = 11.0;
				MARKETING_VERSION = 1.0;
				PRODUCT_BUNDLE_IDENTIFIER = com.pixocial.InstrumentBox;
				PRODUCT_NAME = InstrumentBox;
				SWIFT_EMIT_LOC_STRINGS = YES;
				SWIFT_VERSION = 5.0;
			};
			name = Release;
		};
/* End XCBuildConfiguration section */

/* Begin XCConfigurationList section */
		64378E41292DFEF600F89418 /* Build configuration list for PBXProject "InstrumentBox" */ = {
			isa = XCConfigurationList;
			buildConfigurations = (
				64378E51292DFEF700F89418 /* Debug */,
				64378E52292DFEF700F89418 /* Release */,
			);
			defaultConfigurationIsVisible = 0;
			defaultConfigurationName = Release;
		};
		64378E53292DFEF700F89418 /* Build configuration list for PBXNativeTarget "InstrumentBox" */ = {
			isa = XCConfigurationList;
			buildConfigurations = (
				64378E54292DFEF700F89418 /* Debug */,
				64378E55292DFEF700F89418 /* Release */,
			);
			defaultConfigurationIsVisible = 0;
			defaultConfigurationName = Release;
		};
/* End XCConfigurationList section */
	};
	rootObject = 64378E3E292DFEF600F89418 /* Project object */;
}
